
Microsoft Visual Studio Solution File, Format Version 12.00
# Visual Studio 15
VisualStudioVersion = 15.0.28307.1231
MinimumVisualStudioVersion = 10.0.40219.1
Project("{888888A0-9F3D-457C-B088-3A5042F75D52}") = "blackjack1", "blackjack1\blackjack1.pyproj", "{308BE572-1454-40D8-B7B2-98423E366545}"
EndProject
Global
	GlobalSection(SolutionConfigurationPlatforms) = preSolution
		Debug|Any CPU = Debug|Any CPU
		Release|Any CPU = Release|Any CPU
	EndGlobalSection
	GlobalSection(ProjectConfigurationPlatforms) = postSolution
		{308BE572-1454-40D8-B7B2-98423E366545}.Debug|Any CPU.ActiveCfg = Debug|Any CPU
		{308BE572-1454-40D8-B7B2-98423E366545}.Release|Any CPU.ActiveCfg = Release|Any CPU
	EndGlobalSection
	GlobalSection(SolutionProperties) = preSolution
		HideSolutionNode = FALSE
	EndGlobalSection
	GlobalSection(ExtensibilityGlobals) = postSolution
		SolutionGuid = {A5862057-6B4D-45D5-8CBA-5AA24A55CDB6}
	EndGlobalSection
EndGlobal
